// !$*UTF8*$!
{
	archiveVersion = 1;
	classes = {
	};
	objectVersion = 50;
	objects = {

/* Begin PBXBuildFile section */
		CF783C2922EAF5830077CABE /* AppDelegate.m in Sources */ = {isa = PBXBuildFile; fileRef = CF783C2822EAF5830077CABE /* AppDelegate.m */; };
		CF783C2C22EAF5830077CABE /* ViewController.m in Sources */ = {isa = PBXBuildFile; fileRef = CF783C2B22EAF5830077CABE /* ViewController.m */; };
		CF783C2F22EAF5830077CABE /* Main.storyboard in Resources */ = {isa = PBXBuildFile; fileRef = CF783C2D22EAF5830077CABE /* Main.storyboard */; };
		CF783C3122EAF5840077CABE /* Assets.xcassets in Resources */ = {isa = PBXBuildFile; fileRef = CF783C3022EAF5840077CABE /* Assets.xcassets */; };
		CF783C3422EAF5840077CABE /* LaunchScreen.storyboard in Resources */ = {isa = PBXBuildFile; fileRef = CF783C3222EAF5840077CABE /* LaunchScreen.storyboard */; };
		CF783C3722EAF5840077CABE /* main.m in Sources */ = {isa = PBXBuildFile; fileRef = CF783C3622EAF5840077CABE /* main.m */; };
		CF783C3F22EAF6180077CABE /* UIViewController+Track.m in Sources */ = {isa = PBXBuildFile; fileRef = CF783C3E22EAF6180077CABE /* UIViewController+Track.m */; };
/* End PBXBuildFile section */

/* Begin PBXFileReference section */
		CF783C2422EAF5830077CABE /* MethodSwizzle.app */ = {isa = PBXFileReference; explicitFileType = wrapper.application; includeInIndex = 0; path = MethodSwizzle.app; sourceTree = BUILT_PRODUCTS_DIR; };
		CF783C2722EAF5830077CABE /* AppDelegate.h */ = {isa = PBXFileReference; lastKnownFileType = sourcecode.c.h; path = AppDelegate.h; sourceTree = "<group>"; };
		CF783C2822EAF5830077CABE /* AppDelegate.m */ = {isa = PBXFileReference; lastKnownFileType = sourcecode.c.objc; path = AppDelegate.m; sourceTree = "<group>"; };
		CF783C2A22EAF5830077CABE /* ViewController.h */ = {isa = PBXFileReference; lastKnownFileType = sourcecode.c.h; path = ViewController.h; sourceTree = "<group>"; };
		CF783C2B22EAF5830077CABE /* ViewController.m */ = {isa = PBXFileReference; lastKnownFileType = sourcecode.c.objc; path = ViewController.m; sourceTree = "<group>"; };
		CF783C2E22EAF5830077CABE /* Base */ = {isa = PBXFileReference; lastKnownFileType = file.storyboard; name = Base; path = Base.lproj/Main.storyboard; sourceTree = "<group>"; };
		CF783C3022EAF5840077CABE /* Assets.xcassets */ = {isa = PBXFileReference; lastKnownFileType = folder.assetcatalog; path = Assets.xcassets; sourceTree = "<group>"; };
		CF783C3322EAF5840077CABE /* Base */ = {isa = PBXFileReference; lastKnownFileType = file.storyboard; name = Base; path = Base.lproj/LaunchScreen.storyboard; sourceTree = "<group>"; };
		CF783C3522EAF5840077CABE /* Info.plist */ = {isa = PBXFileReference; lastKnownFileType = text.plist.xml; path = Info.plist; sourceTree = "<group>"; };
		CF783C3622EAF5840077CABE /* main.m */ = {isa = PBXFileReference; lastKnownFileType = sourcecode.c.objc; path = main.m; sourceTree = "<group>"; };
		CF783C3D22EAF6180077CABE /* UIViewController+Track.h */ = {isa = PBXFileReference; lastKnownFileType = sourcecode.c.h; path = "UIViewController+Track.h"; sourceTree = "<group>"; };
		CF783C3E22EAF6180077CABE /* UIViewController+Track.m */ = {isa = PBXFileReference; lastKnownFileType = sourcecode.c.objc; path = "UIViewController+Track.m"; sourceTree = "<group>"; };
/* End PBXFileReference section */

/* Begin PBXFrameworksBuildPhase section */
		CF783C2122EAF5830077CABE /* Frameworks */ = {
			isa = PBXFrameworksBuildPhase;
			buildActionMask = 2147483647;
			files = (
			);
			runOnlyForDeploymentPostprocessing = 0;
		};
/* End PBXFrameworksBuildPhase section */

/* Begin PBXGroup section */
		CF783C1B22EAF5830077CABE = {
			isa = PBXGroup;
			children = (
				CF783C2622EAF5830077CABE /* MethodSwizzle */,
				CF783C2522EAF5830077CABE /* Products */,
			);
			sourceTree = "<group>";
		};
		CF783C2522EAF5830077CABE /* Products */ = {
			isa = PBXGroup;
			children = (
				CF783C2422EAF5830077CABE /* MethodSwizzle.app */,
			);
			name = Products;
			sourceTree = "<group>";
		};
		CF783C2622EAF5830077CABE /* MethodSwizzle */ = {
			isa = PBXGroup;
			children = (
				CF783C2722EAF5830077CABE /* AppDelegate.h */,
				CF783C2822EAF5830077CABE /* AppDelegate.m */,
				CF783C2A22EAF5830077CABE /* ViewController.h */,
				CF783C2B22EAF5830077CABE /* ViewController.m */,
				CF783C3D22EAF6180077CABE /* UIViewController+Track.h */,
				CF783C3E22EAF6180077CABE /* UIViewController+Track.m */,
				CF783C2D22EAF5830077CABE /* Main.storyboard */,
				CF783C3022EAF5840077CABE /* Assets.xcassets */,
				CF783C3222EAF5840077CABE /* LaunchScreen.storyboard */,
				CF783C3522EAF5840077CABE /* Info.plist */,
				CF783C3622EAF5840077CABE /* main.m */,
			);
			path = MethodSwizzle;
			sourceTree = "<group>";
		};
/* End PBXGroup section */

/* Begin PBXNativeTarget section */
		CF783C2322EAF5830077CABE /* MethodSwizzle */ = {
			isa = PBXNativeTarget;
			buildConfigurationList = CF783C3A22EAF5840077CABE /* Build configuration list for PBXNativeTarget "MethodSwizzle" */;
			buildPhases = (
				CF783C2022EAF5830077CABE /* Sources */,
				CF783C2122EAF5830077CABE /* Frameworks */,
				CF783C2222EAF5830077CABE /* Resources */,
			);
			buildRules = (
			);
			dependencies = (
			);
			name = MethodSwizzle;
			productName = MethodSwizzle;
			productReference = CF783C2422EAF5830077CABE /* MethodSwizzle.app */;
			productType = "com.apple.product-type.application";
		};
/* End PBXNativeTarget section */

/* Begin PBXProject section */
		CF783C1C22EAF5830077CABE /* Project object */ = {
			isa = PBXProject;
			attributes = {
				LastUpgradeCheck = 1020;
				ORGANIZATIONNAME = xhqb;
				TargetAttributes = {
					CF783C2322EAF5830077CABE = {
						CreatedOnToolsVersion = 10.2.1;
					};
				};
			};
			buildConfigurationList = CF783C1F22EAF5830077CABE /* Build configuration list for PBXProject "MethodSwizzle" */;
			compatibilityVersion = "Xcode 9.3";
			developmentRegion = en;
			hasScannedForEncodings = 0;
			knownRegions = (
				en,
				Base,
			);
			mainGroup = CF783C1B22EAF5830077CABE;
			productRefGroup = CF783C2522EAF5830077CABE /* Products */;
			projectDirPath = "";
			projectRoot = "";
			targets = (
				CF783C2322EAF5830077CABE /* MethodSwizzle */,
			);
		};
/* End PBXProject section */

/* Begin PBXResourcesBuildPhase section */
		CF783C2222EAF5830077CABE /* Resources */ = {
			isa = PBXResourcesBuildPhase;
			buildActionMask = 2147483647;
			files = (
				CF783C3422EAF5840077CABE /* LaunchScreen.storyboard in Resources */,
				CF783C3122EAF5840077CABE /* Assets.xcassets in Resources */,
				CF783C2F22EAF5830077CABE /* Main.storyboard in Resources */,
			);
			runOnlyForDeploymentPostprocessing = 0;
		};
/* End PBXResourcesBuildPhase section */

/* Begin PBXSourcesBuildPhase section */
		CF783C2022EAF5830077CABE /* Sources */ = {
			isa = PBXSourcesBuildPhase;
			buildActionMask = 2147483647;
			files = (
				CF783C3F22EAF6180077CABE /* UIViewController+Track.m in Sources */,
				CF783C2C22EAF5830077CABE /* ViewController.m in Sources */,
				CF783C3722EAF5840077CABE /* main.m in Sources */,
				CF783C2922EAF5830077CABE /* AppDelegate.m in Sources */,
			);
			runOnlyForDeploymentPostprocessing = 0;
		};
/* End PBXSourcesBuildPhase section */

/* Begin PBXVariantGroup section */
		CF783C2D22EAF5830077CABE /* Main.storyboard */ = {
			isa = PBXVariantGroup;
			children = (
				CF783C2E22EAF5830077CABE /* Base */,
			);
			name = Main.storyboard;
			sourceTree = "<group>";
		};
		CF783C3222EAF5840077CABE /* LaunchScreen.storyboard */ = {
			isa = PBXVariantGroup;
			children = (
				CF783C3322EAF5840077CABE /* Base */,
			);
			name = LaunchScreen.storyboard;
			sourceTree = "<group>";
		};
/* End PBXVariantGroup section */

/* Begin XCBuildConfiguration section */
		CF783C3822EAF5840077CABE /* Debug */ = {
			isa = XCBuildConfiguration;
			buildSettings = {
				ALWAYS_SEARCH_USER_PATHS = NO;
				CLANG_ANALYZER_NONNULL = YES;
				CLANG_ANALYZER_NUMBER_OBJECT_CONVERSION = YES_AGGRESSIVE;
				CLANG_CXX_LANGUAGE_STANDARD = "gnu++14";
				CLANG_CXX_LIBRARY = "libc++";
				CLANG_ENABLE_MODULES = YES;
				CLANG_ENABLE_OBJC_ARC = YES;
				CLANG_ENABLE_OBJC_WEAK = YES;
				CLANG_WARN_BLOCK_CAPTURE_AUTORELEASING = YES;
				CLANG_WARN_BOOL_CONVERSION = YES;
				CLANG_WARN_COMMA = YES;
				CLANG_WARN_CONSTANT_CONVERSION = YES;
				CLANG_WARN_DEPRECATED_OBJC_IMPLEMENTATIONS = YES;
				CLANG_WARN_DIRECT_OBJC_ISA_USAGE = YES_ERROR;
				CLANG_WARN_DOCUMENTATION_COMMENTS = YES;
				CLANG_WARN_EMPTY_BODY = YES;
				CLANG_WARN_ENUM_CONVERSION = YES;
				CLANG_WARN_INFINITE_RECURSION = YES;
				CLANG_WARN_INT_CONVERSION = YES;
				CLANG_WARN_NON_LITERAL_NULL_CONVERSION = YES;
				CLANG_WARN_OBJC_IMPLICIT_RETAIN_SELF = YES;
				CLANG_WARN_OBJC_LITERAL_CONVERSION = YES;
				CLANG_WARN_OBJC_ROOT_CLASS = YES_ERROR;
				CLANG_WARN_RANGE_LOOP_ANALYSIS = YES;
				CLANG_WARN_STRICT_PROTOTYPES = YES;
				CLANG_WARN_SUSPICIOUS_MOVE = YES;
				CLANG_WARN_UNGUARDED_AVAILABILITY = YES_AGGRESSIVE;
				CLANG_WARN_UNREACHABLE_CODE = YES;
				CLANG_WARN__DUPLICATE_METHOD_MATCH = YES;
				CODE_SIGN_IDENTITY = "iPhone Developer";
				COPY_PHASE_STRIP = NO;
				DEBUG_INFORMATION_FORMAT = dwarf;
				ENABLE_STRICT_OBJC_MSGSEND = YES;
				ENABLE_TESTABILITY = YES;
				GCC_C_LANGUAGE_STANDARD = gnu11;
				GCC_DYNAMIC_NO_PIC = NO;
				GCC_NO_COMMON_BLOCKS = YES;
				GCC_OPTIMIZATION_LEVEL = 0;
				GCC_PREPROCESSOR_DEFINITIONS = (
					"DEBUG=1",
					"$(inherited)",
				);
				GCC_WARN_64_TO_32_BIT_CONVERSION = YES;
				GCC_WARN_ABOUT_RETURN_TYPE = YES_ERROR;
				GCC_WARN_UNDECLARED_SELECTOR = YES;
				GCC_WARN_UNINITIALIZED_AUTOS = YES_AGGRESSIVE;
				GCC_WARN_UNUSED_FUNCTION = YES;
				GCC_WARN_UNUSED_VARIABLE = YES;
				IPHONEOS_DEPLOYMENT_TARGET = 12.2;
				MTL_ENABLE_DEBUG_INFO = INCLUDE_SOURCE;
				MTL_FAST_MATH = YES;
				ONLY_ACTIVE_ARCH = YES;
				SDKROOT = iphoneos;
			};
			name = Debug;
		};
		CF783C3922EAF5840077CABE /* Release */ = {
			isa = XCBuildConfiguration;
			buildSettings = {
				ALWAYS_SEARCH_USER_PATHS = NO;
				CLANG_ANALYZER_NONNULL = YES;
				CLANG_ANALYZER_NUMBER_OBJECT_CONVERSION = YES_AGGRESSIVE;
				CLANG_CXX_LANGUAGE_STANDARD = "gnu++14";
				CLANG_CXX_LIBRARY = "libc++";
				CLANG_ENABLE_MODULES = YES;
				CLANG_ENABLE_OBJC_ARC = YES;
				CLANG_ENABLE_OBJC_WEAK = YES;
				CLANG_WARN_BLOCK_CAPTURE_AUTORELEASING = YES;
				CLANG_WARN_BOOL_CONVERSION = YES;
				CLANG_WARN_COMMA = YES;
				CLANG_WARN_CONSTANT_CONVERSION = YES;
				CLANG_WARN_DEPRECATED_OBJC_IMPLEMENTATIONS = YES;
				CLANG_WARN_DIRECT_OBJC_ISA_USAGE = YES_ERROR;
				CLANG_WARN_DOCUMENTATION_COMMENTS = YES;
				CLANG_WARN_EMPTY_BODY = YES;
				CLANG_WARN_ENUM_CONVERSION = YES;
				CLANG_WARN_INFINITE_RECURSION = YES;
				CLANG_WARN_INT_CONVERSION = YES;
				CLANG_WARN_NON_LITERAL_NULL_CONVERSION = YES;
				CLANG_WARN_OBJC_IMPLICIT_RETAIN_SELF = YES;
				CLANG_WARN_OBJC_LITERAL_CONVERSION = YES;
				CLANG_WARN_OBJC_ROOT_CLASS = YES_ERROR;
				CLANG_WARN_RANGE_LOOP_ANALYSIS = YES;
				CLANG_WARN_STRICT_PROTOTYPES = YES;
				CLANG_WARN_SUSPICIOUS_MOVE = YES;
				CLANG_WARN_UNGUARDED_AVAILABILITY = YES_AGGRESSIVE;
				CLANG_WARN_UNREACHABLE_CODE = YES;
				CLANG_WARN__DUPLICATE_METHOD_MATCH = YES;
				CODE_SIGN_IDENTITY = "iPhone Developer";
				COPY_PHASE_STRIP = NO;
				DEBUG_INFORMATION_FORMAT = "dwarf-with-dsym";
				ENABLE_NS_ASSERTIONS = NO;
				ENABLE_STRICT_OBJC_MSGSEND = YES;
				GCC_C_LANGUAGE_STANDARD = gnu11;
				GCC_NO_COMMON_BLOCKS = YES;
				GCC_WARN_64_TO_32_BIT_CONVERSION = YES;
				GCC_WARN_ABOUT_RETURN_TYPE = YES_ERROR;
				GCC_WARN_UNDECLARED_SELECTOR = YES;
				GCC_WARN_UNINITIALIZED_AUTOS = YES_AGGRESSIVE;
				GCC_WARN_UNUSED_FUNCTION = YES;
				GCC_WARN_UNUSED_VARIABLE = YES;
				IPHONEOS_DEPLOYMENT_TARGET = 12.2;
				MTL_ENABLE_DEBUG_INFO = NO;
				MTL_FAST_MATH = YES;
				SDKROOT = iphoneos;
				VALIDATE_PRODUCT = YES;
			};
			name = Release;
		};
		CF783C3B22EAF5840077CABE /* Debug */ = {
			isa = XCBuildConfiguration;
			buildSettings = {
				ASSETCATALOG_COMPILER_APPICON_NAME = AppIcon;
				CODE_SIGN_STYLE = Automatic;
				DEVELOPMENT_TEAM = 85273HXJQD;
				INFOPLIST_FILE = MethodSwizzle/Info.plist;
				IPHONEOS_DEPLOYMENT_TARGET = 8.0;
				LD_RUNPATH_SEARCH_PATHS = (
					"$(inherited)",
					"@executable_path/Frameworks",
				);
				PRODUCT_BUNDLE_IDENTIFIER = com.cloud.MethodSwizzle;
				PRODUCT_NAME = "$(TARGET_NAME)";
				TARGETED_DEVICE_FAMILY = "1,2";
			};
			name = Debug;
		};
		CF783C3C22EAF5840077CABE /* Release */ = {
			isa = XCBuildConfiguration;
			buildSettings = {
				ASSETCATALOG_COMPILER_APPICON_NAME = AppIcon;
				CODE_SIGN_STYLE = Automatic;
				DEVELOPMENT_TEAM = 85273HXJQD;
				INFOPLIST_FILE = MethodSwizzle/Info.plist;
				IPHONEOS_DEPLOYMENT_TARGET = 8.0;
				LD_RUNPATH_SEARCH_PATHS = (
					"$(inherited)",
					"@executable_path/Frameworks",
				);
				PRODUCT_BUNDLE_IDENTIFIER = com.cloud.MethodSwizzle;
				PRODUCT_NAME = "$(TARGET_NAME)";
				TARGETED_DEVICE_FAMILY = "1,2";
			};
			name = Release;
		};
/* End XCBuildConfiguration section */

/* Begin XCConfigurationList section */
		CF783C1F22EAF5830077CABE /* Build configuration list for PBXProject "MethodSwizzle" */ = {
			isa = XCConfigurationList;
			buildConfigurations = (
				CF783C3822EAF5840077CABE /* Debug */,
				CF783C3922EAF5840077CABE /* Release */,
			);
			defaultConfigurationIsVisible = 0;
			defaultConfigurationName = Release;
		};
		CF783C3A22EAF5840077CABE /* Build configuration list for PBXNativeTarget "MethodSwizzle" */ = {
			isa = XCConfigurationList;
			buildConfigurations = (
				CF783C3B22EAF5840077CABE /* Debug */,
				CF783C3C22EAF5840077CABE /* Release */,
			);
			defaultConfigurationIsVisible = 0;
			defaultConfigurationName = Release;
		};
/* End XCConfigurationList section */
	};
	rootObject = CF783C1C22EAF5830077CABE /* Project object */;
}
